
Microsoft Visual Studio Solution File, Format Version 12.00
# Visual Studio Version 16
VisualStudioVersion = 16.0.29613.14
MinimumVisualStudioVersion = 10.0.40219.1
Project("{FAE04EC0-301F-11D3-BF4B-00C04F79EFBC}") = "bezier_intersection", "bezier_intersection\bezier_intersection.csproj", "{12E1418F-3602-40B6-9FE2-63FC5FC70789}"
EndProject
Global
	GlobalSection(SolutionConfigurationPlatforms) = preSolution
		Debug|Any CPU = Debug|Any CPU
		Release|Any CPU = Release|Any CPU
	EndGlobalSection
	GlobalSection(ProjectConfigurationPlatforms) = postSolution
		{12E1418F-3602-40B6-9FE2-63FC5FC70789}.Debug|Any CPU.ActiveCfg = Debug|Any CPU
		{12E1418F-3602-40B6-9FE2-63FC5FC70789}.Debug|Any CPU.Build.0 = Debug|Any CPU
		{12E1418F-3602-40B6-9FE2-63FC5FC70789}.Release|Any CPU.ActiveCfg = Release|Any CPU
		{12E1418F-3602-40B6-9FE2-63FC5FC70789}.Release|Any CPU.Build.0 = Release|Any CPU
	EndGlobalSection
	GlobalSection(SolutionProperties) = preSolution
		HideSolutionNode = FALSE
	EndGlobalSection
	GlobalSection(ExtensibilityGlobals) = postSolution
		SolutionGuid = {E4BF1636-E46B-4EBA-9E74-B54980A09EAA}
	EndGlobalSection
EndGlobal
